PODS:
  - ASN1Decoder (1.9.0)
  - boost (1.76.0)
  - DoubleConversion (1.1.6)
  - EASClient (0.5.1):
    - ExpoModulesCore
  - EXApplication (5.1.1):
    - ExpoModulesCore
  - EXAV (13.2.1):
    - ExpoModulesCore
    - ReactCommon/turbomodule/core
  - EXConstants (14.2.1):
    - ExpoModulesCore
  - EXDocumentPicker (11.2.2):
    - ExpoModulesCore
  - EXFileSystem (15.2.2):
    - ExpoModulesCore
  - EXFont (11.1.1):
    - ExpoModulesCore
  - EXImageLoader (4.1.1):
    - ExpoModulesCore
    - React-Core
  - EXJSONUtils (0.5.1)
  - EXLocation (15.1.1):
    - ExpoModulesCore
  - EXManifests (0.5.2):
    - EXJSONUtils
  - EXNotifications (0.18.1):
    - ExpoModulesCore
  - EXPermissions (14.4.0):
    - ExpoModulesCore
  - Expo (48.0.21):
    - ExpoModulesCore
  - expo-dev-client (2.2.1):
    - EXManifests
    - expo-dev-launcher
    - expo-dev-menu
    - expo-dev-menu-interface
    - EXUpdatesInterface
  - expo-dev-launcher (2.2.1):
    - EXManifests
    - expo-dev-launcher/Main (= 2.2.1)
    - expo-dev-menu
    - expo-dev-menu-interface
    - ExpoModulesCore
    - EXUpdatesInterface
    - React-Core
  - expo-dev-launcher/Main (2.2.1):
    - EXManifests
    - expo-dev-launcher/Unsafe
    - expo-dev-menu
    - expo-dev-menu-interface
    - ExpoModulesCore
    - EXUpdatesInterface
    - React-Core
  - expo-dev-launcher/Unsafe (2.2.1):
    - EXManifests
    - expo-dev-menu
    - expo-dev-menu-interface
    - ExpoModulesCore
    - EXUpdatesInterface
    - React-Core
  - expo-dev-menu (2.2.0):
    - expo-dev-menu/Main (= 2.2.0)
  - expo-dev-menu-interface (1.1.1)
  - expo-dev-menu/GestureHandler (2.2.0)
  - expo-dev-menu/Main (2.2.0):
    - EXManifests
    - expo-dev-menu-interface
    - expo-dev-menu/Vendored
    - ExpoModulesCore
    - React-Core
  - expo-dev-menu/Reanimated (2.2.0):
    - DoubleConversion
    - FBLazyVector
    - FBReactNativeSpec
    - glog
    - RCT-Folly
    - RCTRequired
    - RCTTypeSafety
    - React-callinvoker
    - React-Core
    - React-Core/DevSupport
    - React-Core/RCTWebSocket
    - React-CoreModules
    - React-cxxreact
    - React-jsi
    - React-jsiexecutor
    - React-jsinspector
    - React-RCTActionSheet
    - React-RCTAnimation
    - React-RCTBlob
    - React-RCTImage
    - React-RCTLinking
    - React-RCTNetwork
    - React-RCTSettings
    - React-RCTText
    - React-RCTVibration
    - ReactCommon/turbomodule/core
    - Yoga
  - expo-dev-menu/SafeAreaView (2.2.0)
  - expo-dev-menu/Vendored (2.2.0):
    - expo-dev-menu/GestureHandler
    - expo-dev-menu/Reanimated
    - expo-dev-menu/SafeAreaView
  - ExpoClipboard (4.1.2):
    - ExpoModulesCore
  - ExpoImagePicker (14.1.1):
    - ExpoModulesCore
  - ExpoKeepAwake (12.0.1):
    - ExpoModulesCore
  - ExpoLinearGradient (12.1.2):
    - ExpoModulesCore
  - ExpoModulesCore (1.2.7):
    - React-Core
    - React-RCTAppDelegate
    - ReactCommon/turbomodule/core
  - EXSharing (11.2.2):
    - ExpoModulesCore
  - EXSplashScreen (0.18.2):
    - ExpoModulesCore
    - React-Core
  - EXStructuredHeaders (3.1.2)
  - EXUpdates (0.16.4):
    - ASN1Decoder (~> 1.8)
    - EASClient
    - EXManifests
    - ExpoModulesCore
    - EXStructuredHeaders
    - EXUpdatesInterface
    - React-Core
  - EXUpdatesInterface (0.9.3)
  - FBLazyVector (0.71.14)
  - FBReactNativeSpec (0.71.14):
    - RCT-Folly (= 2021.07.22.00)
    - RCTRequired (= 0.71.14)
    - RCTTypeSafety (= 0.71.14)
    - React-Core (= 0.71.14)
    - React-jsi (= 0.71.14)
    - ReactCommon/turbomodule/core (= 0.71.14)
  - Firebase/CoreOnly (8.15.0):
    - FirebaseCore (= 8.15.0)
  - Firebase/Crashlytics (8.15.0):
    - Firebase/CoreOnly
    - FirebaseCrashlytics (~> 8.15.0)
  - Firebase/Database (8.15.0):
    - Firebase/CoreOnly
    - FirebaseDatabase (~> 8.15.0)
  - Firebase/Messaging (8.15.0):
    - Firebase/CoreOnly
    - FirebaseMessaging (~> 8.15.0)
  - Firebase/Performance (8.15.0):
    - Firebase/CoreOnly
    - FirebasePerformance (~> 8.15.0)
  - FirebaseABTesting (8.15.0):
    - FirebaseCore (~> 8.0)
  - FirebaseCore (8.15.0):
    - FirebaseCoreDiagnostics (~> 8.0)
    - GoogleUtilities/Environment (~> 7.7)
    - GoogleUtilities/Logger (~> 7.7)
  - FirebaseCoreDiagnostics (8.15.0):
    - GoogleDataTransport (~> 9.1)
    - GoogleUtilities/Environment (~> 7.7)
    - GoogleUtilities/Logger (~> 7.7)
    - nanopb (~> 2.30908.0)
  - FirebaseCrashlytics (8.15.0):
    - FirebaseCore (~> 8.0)
    - FirebaseInstallations (~> 8.0)
    - GoogleDataTransport (~> 9.1)
    - GoogleUtilities/Environment (~> 7.7)
    - nanopb (~> 2.30908.0)
    - PromisesObjC (< 3.0, >= 1.2)
  - FirebaseDatabase (8.15.0):
    - FirebaseCore (~> 8.0)
    - leveldb-library (~> 1.22)
  - FirebaseInstallations (8.15.0):
    - FirebaseCore (~> 8.0)
    - GoogleUtilities/Environment (~> 7.7)
    - GoogleUtilities/UserDefaults (~> 7.7)
    - PromisesObjC (< 3.0, >= 1.2)
  - FirebaseMessaging (8.15.0):
    - FirebaseCore (~> 8.0)
    - FirebaseInstallations (~> 8.0)
    - GoogleDataTransport (~> 9.1)
    - GoogleUtilities/AppDelegateSwizzler (~> 7.7)
    - GoogleUtilities/Environment (~> 7.7)
    - GoogleUtilities/Reachability (~> 7.7)
    - GoogleUtilities/UserDefaults (~> 7.7)
    - nanopb (~> 2.30908.0)
  - FirebasePerformance (8.15.0):
    - FirebaseCore (~> 8.0)
    - FirebaseInstallations (~> 8.0)
    - FirebaseRemoteConfig (~> 8.0)
    - GoogleDataTransport (~> 9.1)
    - GoogleUtilities/Environment (~> 7.7)
    - GoogleUtilities/ISASwizzler (~> 7.7)
    - GoogleUtilities/MethodSwizzler (~> 7.7)
    - nanopb (~> 2.30908.0)
  - FirebaseRemoteConfig (8.15.0):
    - FirebaseABTesting (~> 8.0)
    - FirebaseCore (~> 8.0)
    - FirebaseInstallations (~> 8.0)
    - GoogleUtilities/Environment (~> 7.7)
    - "GoogleUtilities/NSData+zlib (~> 7.7)"
  - fmt (6.2.1)
  - glog (0.3.5)
  - GoogleDataTransport (9.3.0):
    - GoogleUtilities/Environment (~> 7.7)
    - nanopb (< 2.30910.0, >= 2.30908.0)
    - PromisesObjC (< 3.0, >= 1.2)
  - GoogleUtilities/AppDelegateSwizzler (7.12.0):
    - GoogleUtilities/Environment
    - GoogleUtilities/Logger
    - GoogleUtilities/Network
  - GoogleUtilities/Environment (7.12.0):
    - PromisesObjC (< 3.0, >= 1.2)
  - GoogleUtilities/ISASwizzler (7.12.0)
  - GoogleUtilities/Logger (7.12.0):
    - GoogleUtilities/Environment
  - GoogleUtilities/MethodSwizzler (7.12.0):
    - GoogleUtilities/Logger
  - GoogleUtilities/Network (7.12.0):
    - GoogleUtilities/Logger
    - "GoogleUtilities/NSData+zlib"
    - GoogleUtilities/Reachability
  - "GoogleUtilities/NSData+zlib (7.12.0)"
  - GoogleUtilities/Reachability (7.12.0):
    - GoogleUtilities/Logger
  - GoogleUtilities/UserDefaults (7.12.0):
    - GoogleUtilities/Logger
  - leveldb-library (1.22.2)
  - lottie-ios (3.4.4)
  - lottie-react-native (5.1.4):
    - lottie-ios (~> 3.4.0)
    - React-Core
  - nanopb (2.30908.0):
    - nanopb/decode (= 2.30908.0)
    - nanopb/encode (= 2.30908.0)
  - nanopb/decode (2.30908.0)
  - nanopb/encode (2.30908.0)
  - PromisesObjC (2.3.1)
  - RCT-Folly (2021.07.22.00):
    - boost
    - DoubleConversion
    - fmt (~> 6.2.1)
    - glog
    - RCT-Folly/Default (= 2021.07.22.00)
  - RCT-Folly/Default (2021.07.22.00):
    - boost
    - DoubleConversion
    - fmt (~> 6.2.1)
    - glog
  - RCTRequired (0.71.14)
  - RCTTypeSafety (0.71.14):
    - FBLazyVector (= 0.71.14)
    - RCTRequired (= 0.71.14)
    - React-Core (= 0.71.14)
  - React (0.71.14):
    - React-Core (= 0.71.14)
    - React-Core/DevSupport (= 0.71.14)
    - React-Core/RCTWebSocket (= 0.71.14)
    - React-RCTActionSheet (= 0.71.14)
    - React-RCTAnimation (= 0.71.14)
    - React-RCTBlob (= 0.71.14)
    - React-RCTImage (= 0.71.14)
    - React-RCTLinking (= 0.71.14)
    - React-RCTNetwork (= 0.71.14)
    - React-RCTSettings (= 0.71.14)
    - React-RCTText (= 0.71.14)
    - React-RCTVibration (= 0.71.14)
  - React-callinvoker (0.71.14)
  - React-Codegen (0.71.14):
    - FBReactNativeSpec
    - RCT-Folly
    - RCTRequired
    - RCTTypeSafety
    - React-Core
    - React-jsc
    - React-jsi
    - React-jsiexecutor
    - ReactCommon/turbomodule/bridging
    - ReactCommon/turbomodule/core
  - React-Core (0.71.14):
    - glog
    - RCT-Folly (= 2021.07.22.00)
    - React-Core/Default (= 0.71.14)
    - React-cxxreact (= 0.71.14)
    - React-jsc
    - React-jsi (= 0.71.14)
    - React-jsiexecutor (= 0.71.14)
    - React-perflogger (= 0.71.14)
    - Yoga
  - React-Core/CoreModulesHeaders (0.71.14):
    - glog
    - RCT-Folly (= 2021.07.22.00)
    - React-Core/Default
    - React-cxxreact (= 0.71.14)
    - React-jsc
    - React-jsi (= 0.71.14)
    - React-jsiexecutor (= 0.71.14)
    - React-perflogger (= 0.71.14)
    - Yoga
  - React-Core/Default (0.71.14):
    - glog
    - RCT-Folly (= 2021.07.22.00)
    - React-cxxreact (= 0.71.14)
    - React-jsc
    - React-jsi (= 0.71.14)
    - React-jsiexecutor (= 0.71.14)
    - React-perflogger (= 0.71.14)
    - Yoga
  - React-Core/DevSupport (0.71.14):
    - glog
    - RCT-Folly (= 2021.07.22.00)
    - React-Core/Default (= 0.71.14)
    - React-Core/RCTWebSocket (= 0.71.14)
    - React-cxxreact (= 0.71.14)
    - React-jsc
    - React-jsi (= 0.71.14)
    - React-jsiexecutor (= 0.71.14)
    - React-jsinspector (= 0.71.14)
    - React-perflogger (= 0.71.14)
    - Yoga
  - React-Core/RCTActionSheetHeaders (0.71.14):
    - glog
    - RCT-Folly (= 2021.07.22.00)
    - React-Core/Default
    - React-cxxreact (= 0.71.14)
    - React-jsc
    - React-jsi (= 0.71.14)
    - React-jsiexecutor (= 0.71.14)
    - React-perflogger (= 0.71.14)
    - Yoga
  - React-Core/RCTAnimationHeaders (0.71.14):
    - glog
    - RCT-Folly (= 2021.07.22.00)
    - React-Core/Default
    - React-cxxreact (= 0.71.14)
    - React-jsc
    - React-jsi (= 0.71.14)
    - React-jsiexecutor (= 0.71.14)
    - React-perflogger (= 0.71.14)
    - Yoga
  - React-Core/RCTBlobHeaders (0.71.14):
    - glog
    - RCT-Folly (= 2021.07.22.00)
    - React-Core/Default
    - React-cxxreact (= 0.71.14)
    - React-jsc
    - React-jsi (= 0.71.14)
    - React-jsiexecutor (= 0.71.14)
    - React-perflogger (= 0.71.14)
    - Yoga
  - React-Core/RCTImageHeaders (0.71.14):
    - glog
    - RCT-Folly (= 2021.07.22.00)
    - React-Core/Default
    - React-cxxreact (= 0.71.14)
    - React-jsc
    - React-jsi (= 0.71.14)
    - React-jsiexecutor (= 0.71.14)
    - React-perflogger (= 0.71.14)
    - Yoga
  - React-Core/RCTLinkingHeaders (0.71.14):
    - glog
    - RCT-Folly (= 2021.07.22.00)
    - React-Core/Default
    - React-cxxreact (= 0.71.14)
    - React-jsc
    - React-jsi (= 0.71.14)
    - React-jsiexecutor (= 0.71.14)
    - React-perflogger (= 0.71.14)
    - Yoga
  - React-Core/RCTNetworkHeaders (0.71.14):
    - glog
    - RCT-Folly (= 2021.07.22.00)
    - React-Core/Default
    - React-cxxreact (= 0.71.14)
    - React-jsc
    - React-jsi (= 0.71.14)
    - React-jsiexecutor (= 0.71.14)
    - React-perflogger (= 0.71.14)
    - Yoga
  - React-Core/RCTSettingsHeaders (0.71.14):
    - glog
    - RCT-Folly (= 2021.07.22.00)
    - React-Core/Default
    - React-cxxreact (= 0.71.14)
    - React-jsc
    - React-jsi (= 0.71.14)
    - React-jsiexecutor (= 0.71.14)
    - React-perflogger (= 0.71.14)
    - Yoga
  - React-Core/RCTTextHeaders (0.71.14):
    - glog
    - RCT-Folly (= 2021.07.22.00)
    - React-Core/Default
    - React-cxxreact (= 0.71.14)
    - React-jsc
    - React-jsi (= 0.71.14)
    - React-jsiexecutor (= 0.71.14)
    - React-perflogger (= 0.71.14)
    - Yoga
  - React-Core/RCTVibrationHeaders (0.71.14):
    - glog
    - RCT-Folly (= 2021.07.22.00)
    - React-Core/Default
    - React-cxxreact (= 0.71.14)
    - React-jsc
    - React-jsi (= 0.71.14)
    - React-jsiexecutor (= 0.71.14)
    - React-perflogger (= 0.71.14)
    - Yoga
  - React-Core/RCTWebSocket (0.71.14):
    - glog
    - RCT-Folly (= 2021.07.22.00)
    - React-Core/Default (= 0.71.14)
    - React-cxxreact (= 0.71.14)
    - React-jsc
    - React-jsi (= 0.71.14)
    - React-jsiexecutor (= 0.71.14)
    - React-perflogger (= 0.71.14)
    - Yoga
  - React-CoreModules (0.71.14):
    - RCT-Folly (= 2021.07.22.00)
    - RCTTypeSafety (= 0.71.14)
    - React-Codegen (= 0.71.14)
    - React-Core/CoreModulesHeaders (= 0.71.14)
    - React-jsi (= 0.71.14)
    - React-RCTBlob
    - React-RCTImage (= 0.71.14)
    - ReactCommon/turbomodule/core (= 0.71.14)
  - React-cxxreact (0.71.14):
    - boost (= 1.76.0)
    - DoubleConversion
    - glog
    - RCT-Folly (= 2021.07.22.00)
    - React-callinvoker (= 0.71.14)
    - React-jsi (= 0.71.14)
    - React-jsinspector (= 0.71.14)
    - React-logger (= 0.71.14)
    - React-perflogger (= 0.71.14)
    - React-runtimeexecutor (= 0.71.14)
  - React-jsc (0.71.14):
    - React-jsc/Fabric (= 0.71.14)
    - React-jsi (= 0.71.14)
  - React-jsc/Fabric (0.71.14):
    - React-jsi (= 0.71.14)
  - React-jsi (0.71.14):
    - boost (= 1.76.0)
    - DoubleConversion
    - glog
    - RCT-Folly (= 2021.07.22.00)
  - React-jsiexecutor (0.71.14):
    - DoubleConversion
    - glog
    - RCT-Folly (= 2021.07.22.00)
    - React-cxxreact (= 0.71.14)
    - React-jsi (= 0.71.14)
    - React-perflogger (= 0.71.14)
  - React-jsinspector (0.71.14)
  - React-logger (0.71.14):
    - glog
  - react-native-document-picker (9.0.1):
    - React-Core
  - react-native-maps (1.3.2):
    - React-Core
  - react-native-safe-area-context (4.5.0):
    - RCT-Folly
    - RCTRequired
    - RCTTypeSafety
    - React-Core
    - ReactCommon/turbomodule/core
  - react-native-version-check (3.4.7):
    - React-Core
  - react-native-webview (11.26.0):
    - React-Core
  - React-perflogger (0.71.14)
  - React-RCTActionSheet (0.71.14):
    - React-Core/RCTActionSheetHeaders (= 0.71.14)
  - React-RCTAnimation (0.71.14):
    - RCT-Folly (= 2021.07.22.00)
    - RCTTypeSafety (= 0.71.14)
    - React-Codegen (= 0.71.14)
    - React-Core/RCTAnimationHeaders (= 0.71.14)
    - React-jsi (= 0.71.14)
    - ReactCommon/turbomodule/core (= 0.71.14)
  - React-RCTAppDelegate (0.71.14):
    - RCT-Folly
    - RCTRequired
    - RCTTypeSafety
    - React-Core
    - ReactCommon/turbomodule/core
  - React-RCTBlob (0.71.14):
    - RCT-Folly (= 2021.07.22.00)
    - React-Codegen (= 0.71.14)
    - React-Core/RCTBlobHeaders (= 0.71.14)
    - React-Core/RCTWebSocket (= 0.71.14)
    - React-jsi (= 0.71.14)
    - React-RCTNetwork (= 0.71.14)
    - ReactCommon/turbomodule/core (= 0.71.14)
  - React-RCTImage (0.71.14):
    - RCT-Folly (= 2021.07.22.00)
    - RCTTypeSafety (= 0.71.14)
    - React-Codegen (= 0.71.14)
    - React-Core/RCTImageHeaders (= 0.71.14)
    - React-jsi (= 0.71.14)
    - React-RCTNetwork (= 0.71.14)
    - ReactCommon/turbomodule/core (= 0.71.14)
  - React-RCTLinking (0.71.14):
    - React-Codegen (= 0.71.14)
    - React-Core/RCTLinkingHeaders (= 0.71.14)
    - React-jsi (= 0.71.14)
    - ReactCommon/turbomodule/core (= 0.71.14)
  - React-RCTNetwork (0.71.14):
    - RCT-Folly (= 2021.07.22.00)
    - RCTTypeSafety (= 0.71.14)
    - React-Codegen (= 0.71.14)
    - React-Core/RCTNetworkHeaders (= 0.71.14)
    - React-jsi (= 0.71.14)
    - ReactCommon/turbomodule/core (= 0.71.14)
  - React-RCTSettings (0.71.14):
    - RCT-Folly (= 2021.07.22.00)
    - RCTTypeSafety (= 0.71.14)
    - React-Codegen (= 0.71.14)
    - React-Core/RCTSettingsHeaders (= 0.71.14)
    - React-jsi (= 0.71.14)
    - ReactCommon/turbomodule/core (= 0.71.14)
  - React-RCTText (0.71.14):
    - React-Core/RCTTextHeaders (= 0.71.14)
  - React-RCTVibration (0.71.14):
    - RCT-Folly (= 2021.07.22.00)
    - React-Codegen (= 0.71.14)
    - React-Core/RCTVibrationHeaders (= 0.71.14)
    - React-jsi (= 0.71.14)
    - ReactCommon/turbomodule/core (= 0.71.14)
  - React-runtimeexecutor (0.71.14):
    - React-jsi (= 0.71.14)
  - ReactCommon/turbomodule/bridging (0.71.14):
    - DoubleConversion
    - glog
    - RCT-Folly (= 2021.07.22.00)
    - React-callinvoker (= 0.71.14)
    - React-Core (= 0.71.14)
    - React-cxxreact (= 0.71.14)
    - React-jsi (= 0.71.14)
    - React-logger (= 0.71.14)
    - React-perflogger (= 0.71.14)
  - ReactCommon/turbomodule/core (0.71.14):
    - DoubleConversion
    - glog
    - RCT-Folly (= 2021.07.22.00)
    - React-callinvoker (= 0.71.14)
    - React-Core (= 0.71.14)
    - React-cxxreact (= 0.71.14)
    - React-jsi (= 0.71.14)
    - React-logger (= 0.71.14)
    - React-perflogger (= 0.71.14)
  - RNCAsyncStorage (1.17.11):
    - React-Core
  - RNDateTimePicker (6.7.3):
    - React-Core
  - RNFBApp (14.12.0):
    - Firebase/CoreOnly (= 8.15.0)
    - React-Core
  - RNFBCrashlytics (14.12.0):
    - Firebase/Crashlytics (= 8.15.0)
    - React-Core
    - RNFBApp
  - RNFBDatabase (14.12.0):
    - Firebase/Database (= 8.15.0)
    - React-Core
    - RNFBApp
  - RNFBMessaging (14.12.0):
    - Firebase/Messaging (= 8.15.0)
    - React-Core
    - RNFBApp
  - RNFBPerf (14.12.0):
    - Firebase/Performance (= 8.15.0)
    - React-Core
    - RNFBApp
  - RNGestureHandler (2.9.0):
    - React-Core
  - RNReanimated (2.14.4):
    - DoubleConversion
    - FBLazyVector
    - FBReactNativeSpec
    - glog
    - RCT-Folly
    - RCTRequired
    - RCTTypeSafety
    - React-callinvoker
    - React-Core
    - React-Core/DevSupport
    - React-Core/RCTWebSocket
    - React-CoreModules
    - React-cxxreact
    - React-jsi
    - React-jsiexecutor
    - React-jsinspector
    - React-RCTActionSheet
    - React-RCTAnimation
    - React-RCTBlob
    - React-RCTImage
    - React-RCTLinking
    - React-RCTNetwork
    - React-RCTSettings
    - React-RCTText
    - ReactCommon/turbomodule/core
    - Yoga
  - Stripe (23.3.4):
    - StripeApplePay (= 23.3.4)
    - StripeCore (= 23.3.4)
    - StripePayments (= 23.3.4)
    - StripePaymentsUI (= 23.3.4)
    - StripeUICore (= 23.3.4)
  - stripe-react-native (0.23.3):
    - React-Core
    - Stripe (~> 23.3.0)
    - StripeApplePay (~> 23.3.0)
    - StripeFinancialConnections (~> 23.3.0)
    - StripePayments (~> 23.3.0)
    - StripePaymentSheet (~> 23.3.0)
    - StripePaymentsUI (~> 23.3.0)
  - StripeApplePay (23.3.4):
    - StripeCore (= 23.3.4)
  - StripeCore (23.3.4)
  - StripeFinancialConnections (23.3.4):
    - StripeCore (= 23.3.4)
    - StripeUICore (= 23.3.4)
  - StripePayments (23.3.4):
    - StripeCore (= 23.3.4)
    - StripePayments/Stripe3DS2 (= 23.3.4)
  - StripePayments/Stripe3DS2 (23.3.4):
    - StripeCore (= 23.3.4)
  - StripePaymentSheet (23.3.4):
    - StripeApplePay (= 23.3.4)
    - StripeCore (= 23.3.4)
    - StripePayments (= 23.3.4)
    - StripePaymentsUI (= 23.3.4)
  - StripePaymentsUI (23.3.4):
    - StripeCore (= 23.3.4)
    - StripePayments (= 23.3.4)
    - StripeUICore (= 23.3.4)
  - StripeUICore (23.3.4):
    - StripeCore (= 23.3.4)
  - Yoga (1.14.0)

DEPENDENCIES:
  - boost (from `../node_modules/react-native/third-party-podspecs/boost.podspec`)
  - DoubleConversion (from `../node_modules/react-native/third-party-podspecs/DoubleConversion.podspec`)
  - EASClient (from `../node_modules/expo-eas-client/ios`)
  - EXApplication (from `../node_modules/expo-application/ios`)
  - EXAV (from `../node_modules/expo-av/ios`)
  - EXConstants (from `../node_modules/expo-constants/ios`)
  - EXDocumentPicker (from `../node_modules/expo-document-picker/ios`)
  - EXFileSystem (from `../node_modules/expo-file-system/ios`)
  - EXFont (from `../node_modules/expo-font/ios`)
  - EXImageLoader (from `../node_modules/expo-image-loader/ios`)
  - EXJSONUtils (from `../node_modules/expo-json-utils/ios`)
  - EXLocation (from `../node_modules/expo-location/ios`)
  - EXManifests (from `../node_modules/expo-manifests/ios`)
  - EXNotifications (from `../node_modules/expo-notifications/ios`)
  - EXPermissions (from `../node_modules/expo-permissions/ios`)
  - Expo (from `../node_modules/expo`)
  - expo-dev-client (from `../node_modules/expo-dev-client/ios`)
  - expo-dev-launcher (from `../node_modules/expo-dev-launcher`)
  - expo-dev-menu (from `../node_modules/expo-dev-menu`)
  - expo-dev-menu-interface (from `../node_modules/expo-dev-menu-interface/ios`)
  - ExpoClipboard (from `../node_modules/expo-clipboard/ios`)
  - ExpoImagePicker (from `../node_modules/expo-image-picker/ios`)
  - ExpoKeepAwake (from `../node_modules/expo-keep-awake/ios`)
  - ExpoLinearGradient (from `../node_modules/expo-linear-gradient/ios`)
  - ExpoModulesCore (from `../node_modules/expo-modules-core`)
  - EXSharing (from `../node_modules/expo-sharing/ios`)
  - EXSplashScreen (from `../node_modules/expo-splash-screen/ios`)
  - EXStructuredHeaders (from `../node_modules/expo-structured-headers/ios`)
  - EXUpdates (from `../node_modules/expo-updates/ios`)
  - EXUpdatesInterface (from `../node_modules/expo-updates-interface/ios`)
  - FBLazyVector (from `../node_modules/react-native/Libraries/FBLazyVector`)
  - FBReactNativeSpec (from `../node_modules/react-native/React/FBReactNativeSpec`)
  - glog (from `../node_modules/react-native/third-party-podspecs/glog.podspec`)
  - lottie-react-native (from `../node_modules/lottie-react-native`)
  - RCT-Folly (from `../node_modules/react-native/third-party-podspecs/RCT-Folly.podspec`)
  - RCTRequired (from `../node_modules/react-native/Libraries/RCTRequired`)
  - RCTTypeSafety (from `../node_modules/react-native/Libraries/TypeSafety`)
  - React (from `../node_modules/react-native/`)
  - React-callinvoker (from `../node_modules/react-native/ReactCommon/callinvoker`)
  - React-Codegen (from `build/generated/ios`)
  - React-Core (from `../node_modules/react-native/`)
  - React-Core/RCTWebSocket (from `../node_modules/react-native/`)
  - React-CoreModules (from `../node_modules/react-native/React/CoreModules`)
  - React-cxxreact (from `../node_modules/react-native/ReactCommon/cxxreact`)
  - React-jsc (from `../node_modules/react-native/ReactCommon/jsc`)
  - React-jsi (from `../node_modules/react-native/ReactCommon/jsi`)
  - React-jsiexecutor (from `../node_modules/react-native/ReactCommon/jsiexecutor`)
  - React-jsinspector (from `../node_modules/react-native/ReactCommon/jsinspector`)
  - React-logger (from `../node_modules/react-native/ReactCommon/logger`)
  - react-native-document-picker (from `../node_modules/react-native-document-picker`)
  - react-native-maps (from `../node_modules/react-native-maps`)
  - react-native-safe-area-context (from `../node_modules/react-native-safe-area-context`)
  - react-native-version-check (from `../node_modules/react-native-version-check`)
  - react-native-webview (from `../node_modules/react-native-webview`)
  - React-perflogger (from `../node_modules/react-native/ReactCommon/reactperflogger`)
  - React-RCTActionSheet (from `../node_modules/react-native/Libraries/ActionSheetIOS`)
  - React-RCTAnimation (from `../node_modules/react-native/Libraries/NativeAnimation`)
  - React-RCTAppDelegate (from `../node_modules/react-native/Libraries/AppDelegate`)
  - React-RCTBlob (from `../node_modules/react-native/Libraries/Blob`)
  - React-RCTImage (from `../node_modules/react-native/Libraries/Image`)
  - React-RCTLinking (from `../node_modules/react-native/Libraries/LinkingIOS`)
  - React-RCTNetwork (from `../node_modules/react-native/Libraries/Network`)
  - React-RCTSettings (from `../node_modules/react-native/Libraries/Settings`)
  - React-RCTText (from `../node_modules/react-native/Libraries/Text`)
  - React-RCTVibration (from `../node_modules/react-native/Libraries/Vibration`)
  - React-runtimeexecutor (from `../node_modules/react-native/ReactCommon/runtimeexecutor`)
  - ReactCommon/turbomodule/core (from `../node_modules/react-native/ReactCommon`)
  - "RNCAsyncStorage (from `../node_modules/@react-native-async-storage/async-storage`)"
  - "RNDateTimePicker (from `../node_modules/@react-native-community/datetimepicker`)"
  - "RNFBApp (from `../node_modules/@react-native-firebase/app`)"
  - "RNFBCrashlytics (from `../node_modules/@react-native-firebase/crashlytics`)"
  - "RNFBDatabase (from `../node_modules/@react-native-firebase/database`)"
  - "RNFBMessaging (from `../node_modules/@react-native-firebase/messaging`)"
  - "RNFBPerf (from `../node_modules/@react-native-firebase/perf`)"
  - RNGestureHandler (from `../node_modules/react-native-gesture-handler`)
  - RNReanimated (from `../node_modules/react-native-reanimated`)
  - "stripe-react-native (from `../node_modules/@stripe/stripe-react-native`)"
  - Yoga (from `../node_modules/react-native/ReactCommon/yoga`)

SPEC REPOS:
  trunk:
    - ASN1Decoder
    - Firebase
    - FirebaseABTesting
    - FirebaseCore
    - FirebaseCoreDiagnostics
    - FirebaseCrashlytics
    - FirebaseDatabase
    - FirebaseInstallations
    - FirebaseMessaging
    - FirebasePerformance
    - FirebaseRemoteConfig
    - fmt
    - GoogleDataTransport
    - GoogleUtilities
    - leveldb-library
    - lottie-ios
    - nanopb
    - PromisesObjC
    - Stripe
    - StripeApplePay
    - StripeCore
    - StripeFinancialConnections
    - StripePayments
    - StripePaymentSheet
    - StripePaymentsUI
    - StripeUICore

EXTERNAL SOURCES:
  boost:
    :podspec: "../node_modules/react-native/third-party-podspecs/boost.podspec"
  DoubleConversion:
    :podspec: "../node_modules/react-native/third-party-podspecs/DoubleConversion.podspec"
  EASClient:
    :path: "../node_modules/expo-eas-client/ios"
  EXApplication:
    :path: "../node_modules/expo-application/ios"
  EXAV:
    :path: "../node_modules/expo-av/ios"
  EXConstants:
    :path: "../node_modules/expo-constants/ios"
  EXDocumentPicker:
    :path: "../node_modules/expo-document-picker/ios"
  EXFileSystem:
    :path: "../node_modules/expo-file-system/ios"
  EXFont:
    :path: "../node_modules/expo-font/ios"
  EXImageLoader:
    :path: "../node_modules/expo-image-loader/ios"
  EXJSONUtils:
    :path: "../node_modules/expo-json-utils/ios"
  EXLocation:
    :path: "../node_modules/expo-location/ios"
  EXManifests:
    :path: "../node_modules/expo-manifests/ios"
  EXNotifications:
    :path: "../node_modules/expo-notifications/ios"
  EXPermissions:
    :path: "../node_modules/expo-permissions/ios"
  Expo:
    :path: "../node_modules/expo"
  expo-dev-client:
    :path: "../node_modules/expo-dev-client/ios"
  expo-dev-launcher:
    :path: "../node_modules/expo-dev-launcher"
  expo-dev-menu:
    :path: "../node_modules/expo-dev-menu"
  expo-dev-menu-interface:
    :path: "../node_modules/expo-dev-menu-interface/ios"
  ExpoClipboard:
    :path: "../node_modules/expo-clipboard/ios"
  ExpoImagePicker:
    :path: "../node_modules/expo-image-picker/ios"
  ExpoKeepAwake:
    :path: "../node_modules/expo-keep-awake/ios"
  ExpoLinearGradient:
    :path: "../node_modules/expo-linear-gradient/ios"
  ExpoModulesCore:
    :path: "../node_modules/expo-modules-core"
  EXSharing:
    :path: "../node_modules/expo-sharing/ios"
  EXSplashScreen:
    :path: "../node_modules/expo-splash-screen/ios"
  EXStructuredHeaders:
    :path: "../node_modules/expo-structured-headers/ios"
  EXUpdates:
    :path: "../node_modules/expo-updates/ios"
  EXUpdatesInterface:
    :path: "../node_modules/expo-updates-interface/ios"
  FBLazyVector:
    :path: "../node_modules/react-native/Libraries/FBLazyVector"
  FBReactNativeSpec:
    :path: "../node_modules/react-native/React/FBReactNativeSpec"
  glog:
    :podspec: "../node_modules/react-native/third-party-podspecs/glog.podspec"
  lottie-react-native:
    :path: "../node_modules/lottie-react-native"
  RCT-Folly:
    :podspec: "../node_modules/react-native/third-party-podspecs/RCT-Folly.podspec"
  RCTRequired:
    :path: "../node_modules/react-native/Libraries/RCTRequired"
  RCTTypeSafety:
    :path: "../node_modules/react-native/Libraries/TypeSafety"
  React:
    :path: "../node_modules/react-native/"
  React-callinvoker:
    :path: "../node_modules/react-native/ReactCommon/callinvoker"
  React-Codegen:
    :path: build/generated/ios
  React-Core:
    :path: "../node_modules/react-native/"
  React-CoreModules:
    :path: "../node_modules/react-native/React/CoreModules"
  React-cxxreact:
    :path: "../node_modules/react-native/ReactCommon/cxxreact"
  React-jsc:
    :path: "../node_modules/react-native/ReactCommon/jsc"
  React-jsi:
    :path: "../node_modules/react-native/ReactCommon/jsi"
  React-jsiexecutor:
    :path: "../node_modules/react-native/ReactCommon/jsiexecutor"
  React-jsinspector:
    :path: "../node_modules/react-native/ReactCommon/jsinspector"
  React-logger:
    :path: "../node_modules/react-native/ReactCommon/logger"
  react-native-document-picker:
    :path: "../node_modules/react-native-document-picker"
  react-native-maps:
    :path: "../node_modules/react-native-maps"
  react-native-safe-area-context:
    :path: "../node_modules/react-native-safe-area-context"
  react-native-version-check:
    :path: "../node_modules/react-native-version-check"
  react-native-webview:
    :path: "../node_modules/react-native-webview"
  React-perflogger:
    :path: "../node_modules/react-native/ReactCommon/reactperflogger"
  React-RCTActionSheet:
    :path: "../node_modules/react-native/Libraries/ActionSheetIOS"
  React-RCTAnimation:
    :path: "../node_modules/react-native/Libraries/NativeAnimation"
  React-RCTAppDelegate:
    :path: "../node_modules/react-native/Libraries/AppDelegate"
  React-RCTBlob:
    :path: "../node_modules/react-native/Libraries/Blob"
  React-RCTImage:
    :path: "../node_modules/react-native/Libraries/Image"
  React-RCTLinking:
    :path: "../node_modules/react-native/Libraries/LinkingIOS"
  React-RCTNetwork:
    :path: "../node_modules/react-native/Libraries/Network"
  React-RCTSettings:
    :path: "../node_modules/react-native/Libraries/Settings"
  React-RCTText:
    :path: "../node_modules/react-native/Libraries/Text"
  React-RCTVibration:
    :path: "../node_modules/react-native/Libraries/Vibration"
  React-runtimeexecutor:
    :path: "../node_modules/react-native/ReactCommon/runtimeexecutor"
  ReactCommon:
    :path: "../node_modules/react-native/ReactCommon"
  RNCAsyncStorage:
    :path: "../node_modules/@react-native-async-storage/async-storage"
  RNDateTimePicker:
    :path: "../node_modules/@react-native-community/datetimepicker"
  RNFBApp:
    :path: "../node_modules/@react-native-firebase/app"
  RNFBCrashlytics:
    :path: "../node_modules/@react-native-firebase/crashlytics"
  RNFBDatabase:
    :path: "../node_modules/@react-native-firebase/database"
  RNFBMessaging:
    :path: "../node_modules/@react-native-firebase/messaging"
  RNFBPerf:
    :path: "../node_modules/@react-native-firebase/perf"
  RNGestureHandler:
    :path: "../node_modules/react-native-gesture-handler"
  RNReanimated:
    :path: "../node_modules/react-native-reanimated"
  stripe-react-native:
    :path: "../node_modules/@stripe/stripe-react-native"
  Yoga:
    :path: "../node_modules/react-native/ReactCommon/yoga"

SPEC CHECKSUMS:
  ASN1Decoder: 4f4bbcaf1d1b8be56daa3280e82863a607f5bda9
  boost: 57d2868c099736d80fcd648bf211b4431e51a558
  DoubleConversion: 5189b271737e1565bdce30deb4a08d647e3f5f54
  EASClient: 950674e1098ebc09c4c2cf064a61e42e84d9d4c6
  EXApplication: d8f53a7eee90a870a75656280e8d4b85726ea903
  EXAV: f1f69397ecdcf44cfacd4ff5d338cd1b96891e87
  EXConstants: f348da07e21b23d2b085e270d7b74f282df1a7d9
  EXDocumentPicker: a2e52acbb3204af80b6e3ffd3deb2cb25d052593
  EXFileSystem: 844e86ca9b5375486ecc4ef06d3838d5597d895d
  EXFont: 6ea3800df746be7233208d80fe379b8ed74f4272
  EXImageLoader: fd053169a8ee932dd83bf1fe5487a50c26d27c2b
  EXJSONUtils: 48b1e764ac35160e6f54d21ab60d7d9501f3e473
  EXLocation: 74a0ba446f54fd585ea6cfcd19a25644bf22c30d
  EXManifests: 500666d48e8dd7ca5a482c9e729e4a7a6c34081b
  EXNotifications: dd628737af60fc8cc62dccebacd326b0fbbc0dcb
  EXPermissions: 51c6115893689c3e9787f4819aa67ceeae601038
  Expo: 0d9f112757acc6bf32103eabccf91267780bd580
  expo-dev-client: 92b9e487ad6a05a3ad1dda70334729ccaf622bfe
  expo-dev-launcher: 5275974e9f825f70a33bb79301a8ab894179fa94
  expo-dev-menu: 020e8853030d4b09e60f4ca75e1ece3e78fab788
  expo-dev-menu-interface: 6c82ae323c4b8724dead4763ce3ff24a2108bdb1
  ExpoClipboard: 9b87df0ad145e3aa841614fab6aea54b7a604850
  ExpoImagePicker: 270dea232b3a072d981dd564e2cafc63a864edb1
  ExpoKeepAwake: 69f5f627670d62318410392d03e0b5db0f85759a
  ExpoLinearGradient: 8eaab76b7f55c612ed8348c8be8c2a18a9b4529f
  ExpoModulesCore: 653958063a301098b541ae4dfed1ac0b98db607b
  EXSharing: 09839ace249f61bfa13c50c6a28256c31d260355
  EXSplashScreen: 0e0a9ba0cf7553094e93213099bd7b42e6e237e9
  EXStructuredHeaders: f3a6d417d5d12ef369fd1a31320d1c188a1b0f4b
  EXUpdates: 603c4dfec2ed9ef323dfbd9c59c946593d4d9a5c
  EXUpdatesInterface: e86394c0770f14eb96386cbb32be83fa6a97e8f9
  FBLazyVector: 12ea01e587c9594e7b144e1bfc86ac4d9ac28fde
  FBReactNativeSpec: b6ae48e67aaba46442f84d6f9ba598ccfbe2ee66
  Firebase: 5f8193dff4b5b7c5d5ef72ae54bb76c08e2b841d
  FirebaseABTesting: 10cbce8db9985ae2e3847ea44e9947dd18f94e10
  FirebaseCore: 5743c5785c074a794d35f2fff7ecc254a91e08b1
  FirebaseCoreDiagnostics: 92e07a649aeb66352b319d43bdd2ee3942af84cb
  FirebaseCrashlytics: feb07e4e9187be3c23c6a846cce4824e5ce2dd0b
  FirebaseDatabase: f567afd233e54a303d84423207736590a6feb419
  FirebaseInstallations: 40bd9054049b2eae9a2c38ef1c3dd213df3605cd
  FirebaseMessaging: 5e5118a2383b3531e730d974680954c679ca0a13
  FirebasePerformance: 66eb58c3e3568a0501a9be271c8ff424dea0ff34
  FirebaseRemoteConfig: 2d6e2cfdb49af79535c8af8a80a4a5009038ec2b
  fmt: ff9d55029c625d3757ed641535fd4a75fedc7ce9
  glog: 04b94705f318337d7ead9e6d17c019bd9b1f6b1b
  GoogleDataTransport: 57c22343ab29bc686febbf7cbb13bad167c2d8fe
  GoogleUtilities: 0759d1a57ebb953965c2dfe0ba4c82e95ccc2e34
  leveldb-library: f03246171cce0484482ec291f88b6d563699ee06
  lottie-ios: 8f97d3271e155c2d688875c29cd3c74908aef5f8
  lottie-react-native: b702fab740cdb952a8e2354713d3beda63ff97b0
  nanopb: a0ba3315591a9ae0a16a309ee504766e90db0c96
  PromisesObjC: c50d2056b5253dadbd6c2bea79b0674bd5a52fa4
  RCT-Folly: 424b8c9a7a0b9ab2886ffe9c3b041ef628fd4fb1
  RCTRequired: e9df143e880d0e879e7a498dc06923d728809c79
  RCTTypeSafety: c2d89c8308829c12c038ec1f431191eaa0d8c15c
  React: 52b89a818f4b2579c98567f3aa8bde880d9e843b
  React-callinvoker: 56e399c88c05e037fe99c31978f30e75fad5c286
  React-Codegen: 3829d8baaafb4df895b7ab4a6abcf10ffeb444fd
  React-Core: 419ce3efb3a2591de74bfc09f150f626293d40d6
  React-CoreModules: bd520e5688b5aa4666965a1b3b8e6d4a2e19df20
  React-cxxreact: f5a9baa03f1b6a660648f3b8d09bdc6d87d5ebe8
  React-jsc: 07a7e67aa41b02028fc7bf8aded401f33cf1736f
  React-jsi: fe531dec7a6efc3606a56ac85a432d04ff6ee72b
  React-jsiexecutor: 73717bd8ba46630d4eeeabd1e2c7b95691618d6f
  React-jsinspector: 7bf923954b4e035f494b01ac16633963412660d7
  React-logger: 655ff5db8bd922acfbe76a4983ffab048916343e
  react-native-document-picker: 2b8f18667caee73a96708a82b284a4f40b30a156
  react-native-maps: 085f614cf14d3637b2048bb9752da5b1c27c2886
  react-native-safe-area-context: 39c2d8be3328df5d437ac1700f4f3a4f75716acc
  react-native-version-check: 6cd36aad4e30b8e3216747e3b4ddeb09e0647af8
  react-native-webview: 994b9f8fbb504d6314dc40d83f94f27c6831b3bf
  React-perflogger: 4987ad83731c23d11813c84263963b0d3028c966
  React-RCTActionSheet: 5ad952b2a9740d87a5bd77280c4bc23f6f89ea0c
  React-RCTAnimation: d2de22af3f536cc80bb5b3918e1a455114d1b985
  React-RCTAppDelegate: 936b5b4ba5c2edb60186efd3bd35402cc9f2a2e6
  React-RCTBlob: e7cc24020cdd4e61b198761fb86f1305f77c90ff
  React-RCTImage: a07e8c7d4768f62ebc6277e4680f6b979c619967
  React-RCTLinking: d00ae55db37b2c12ebab91135f06f75391c0708d
  React-RCTNetwork: b3a401276e5c08487d8a14fdec1720e78b5888db
  React-RCTSettings: d606cbac31403604c5d5746e6dab53bb332f9301
  React-RCTText: b3bd40bc71bca0c3e2cc5ce2c40870a438f303b1
  React-RCTVibration: 64e412b9ac684c4edc938fa1187135ada9af7faf
  React-runtimeexecutor: ffe826b7b1cfbc32a35ed5b64d5886c0ff75f501
  ReactCommon: 7cf566ddbc9344e1f02bae1ecdaf03dbedb7eb17
  RNCAsyncStorage: 8616bd5a58af409453ea4e1b246521bb76578d60
  RNDateTimePicker: 00247f26c34683c80be94207f488f6f13448586e
  RNFBApp: e4439717c23252458da2b41b81b4b475c86f90c4
  RNFBCrashlytics: 94e1f78e2a9aa9e02edbfb0d3f1f0921ce00094b
  RNFBDatabase: 16daa56d773d353b2ef2752a229cedf195b51cf3
  RNFBMessaging: 40dac204b4197a2661dec5be964780c6ec39bf65
  RNFBPerf: b85b621a4d15905847e8627a6aa67ad894e8e166
  RNGestureHandler: 071d7a9ad81e8b83fe7663b303d132406a7d8f39
  RNReanimated: cc5e3aa479cb9170bcccf8204291a6950a3be128
  Stripe: 7393b16fe555d4a68e6555044e7b57eff11ae547
  stripe-react-native: 333a6c66a256412fcb353b7e8585564fe2407095
  StripeApplePay: 174b09c0211134417e340c68af199a3dd34f3cd6
  StripeCore: babb08ec2b961f7cde8663dad3b4cbb77e0ae63b
  StripeFinancialConnections: 484096f2dc5d3c20cc24a5ad4d261953ba806ef0
  StripePayments: 71bf62ccdacefc4b68b46a02a7f2492aeba252b3
  StripePaymentSheet: 722ea7bea092c243d771122fe3572a9c84512704
  StripePaymentsUI: fd08081c4be73c16322dc76a1878140520a9df2e
  StripeUICore: ed68cbd5ad0626e0760e772f8c82d96cae9b829b
  Yoga: e71803b4c1fff832ccf9b92541e00f9b873119b9

PODFILE CHECKSUM: ca963715bad89307a8b5e066e6deb6923866a561

COCOAPODS: 1.15.0
